
Microsoft Visual Studio Solution File, Format Version 12.00
# Visual Studio Version 17
VisualStudioVersion = 17.14.36518.9
MinimumVisualStudioVersion = 10.0.40219.1
Project("{FAE04EC0-301F-11D3-BF4B-00C04F79EFBC}") = "VehicleClassLibrary", "VehicleClassLibrary.csproj", "{0B1684FF-C12A-4199-9B64-35DEFA00D73F}"
EndProject
Project("{FAE04EC0-301F-11D3-BF4B-00C04F79EFBC}") = "VehicleClassLibrary.Tests", "..\VehicleClassLibrary.Tests\VehicleClassLibrary.Tests.csproj", "{4F330A6B-C75B-4914-AFA9-B02E793EAAE1}"
EndProject
Project("{FAE04EC0-301F-11D3-BF4B-00C04F79EFBC}") = "VehicleStoreConsoleApp", "..\VehicleStoreConsoleApp\VehicleStoreConsoleApp.csproj", "{D164329E-FDD6-4C38-963A-00D1A44106E1}"
EndProject
Project("{FAE04EC0-301F-11D3-BF4B-00C04F79EFBC}") = "VehicleStoreGUIApp", "..\VehicleStoreGUIApp\VehicleStoreGUIApp.csproj", "{E7D8874F-3BC3-441D-9DAE-BC7F404B9B90}"
EndProject
Global
	GlobalSection(SolutionConfigurationPlatforms) = preSolution
		Debug|Any CPU = Debug|Any CPU
		Release|Any CPU = Release|Any CPU
	EndGlobalSection
	GlobalSection(ProjectConfigurationPlatforms) = postSolution
		{0B1684FF-C12A-4199-9B64-35DEFA00D73F}.Debug|Any CPU.ActiveCfg = Debug|Any CPU
		{0B1684FF-C12A-4199-9B64-35DEFA00D73F}.Debug|Any CPU.Build.0 = Debug|Any CPU
		{0B1684FF-C12A-4199-9B64-35DEFA00D73F}.Release|Any CPU.ActiveCfg = Release|Any CPU
		{0B1684FF-C12A-4199-9B64-35DEFA00D73F}.Release|Any CPU.Build.0 = Release|Any CPU
		{4F330A6B-C75B-4914-AFA9-B02E793EAAE1}.Debug|Any CPU.ActiveCfg = Debug|Any CPU
		{4F330A6B-C75B-4914-AFA9-B02E793EAAE1}.Debug|Any CPU.Build.0 = Debug|Any CPU
		{4F330A6B-C75B-4914-AFA9-B02E793EAAE1}.Release|Any CPU.ActiveCfg = Release|Any CPU
		{4F330A6B-C75B-4914-AFA9-B02E793EAAE1}.Release|Any CPU.Build.0 = Release|Any CPU
		{D164329E-FDD6-4C38-963A-00D1A44106E1}.Debug|Any CPU.ActiveCfg = Debug|Any CPU
		{D164329E-FDD6-4C38-963A-00D1A44106E1}.Debug|Any CPU.Build.0 = Debug|Any CPU
		{D164329E-FDD6-4C38-963A-00D1A44106E1}.Release|Any CPU.ActiveCfg = Release|Any CPU
		{D164329E-FDD6-4C38-963A-00D1A44106E1}.Release|Any CPU.Build.0 = Release|Any CPU
		{E7D8874F-3BC3-441D-9DAE-BC7F404B9B90}.Debug|Any CPU.ActiveCfg = Debug|Any CPU
		{E7D8874F-3BC3-441D-9DAE-BC7F404B9B90}.Debug|Any CPU.Build.0 = Debug|Any CPU
		{E7D8874F-3BC3-441D-9DAE-BC7F404B9B90}.Release|Any CPU.ActiveCfg = Release|Any CPU
		{E7D8874F-3BC3-441D-9DAE-BC7F404B9B90}.Release|Any CPU.Build.0 = Release|Any CPU
	EndGlobalSection
	GlobalSection(SolutionProperties) = preSolution
		HideSolutionNode = FALSE
	EndGlobalSection
	GlobalSection(ExtensibilityGlobals) = postSolution
		SolutionGuid = {D6B33CC5-511D-47C6-834C-216C24B3B299}
	EndGlobalSection
EndGlobal
