
Microsoft Visual Studio Solution File, Format Version 12.00
# Visual Studio Version 17
VisualStudioVersion = 17.14.36518.9 d17.14
MinimumVisualStudioVersion = 10.0.40219.1
Project("{FAE04EC0-301F-11D3-BF4B-00C04F79EFBC}") = "MineSweeperTesting.Tests", "..\MineSweeperTesting\MineSweeperTesting.Tests.csproj", "{C1949FD7-037A-4C9C-816A-BDB0C224C9E0}"
EndProject
Project("{FAE04EC0-301F-11D3-BF4B-00C04F79EFBC}") = "MineSweeperLibrary", "..\MineSweeperLibrary\MineSweeperLibrary.csproj", "{458CED49-002A-4D9B-83B4-83C84AFA6B7B}"
EndProject
Project("{FAE04EC0-301F-11D3-BF4B-00C04F79EFBC}") = "MineSweeperConsole", "..\MineSweeperConsole\MineSweeperConsole.csproj", "{8FEBFE83-1A68-41BC-95E4-79593F7F0EB1}"
EndProject
Global
	GlobalSection(SolutionConfigurationPlatforms) = preSolution
		Debug|Any CPU = Debug|Any CPU
		Release|Any CPU = Release|Any CPU
	EndGlobalSection
	GlobalSection(ProjectConfigurationPlatforms) = postSolution
		{C1949FD7-037A-4C9C-816A-BDB0C224C9E0}.Debug|Any CPU.ActiveCfg = Debug|Any CPU
		{C1949FD7-037A-4C9C-816A-BDB0C224C9E0}.Debug|Any CPU.Build.0 = Debug|Any CPU
		{C1949FD7-037A-4C9C-816A-BDB0C224C9E0}.Release|Any CPU.ActiveCfg = Release|Any CPU
		{C1949FD7-037A-4C9C-816A-BDB0C224C9E0}.Release|Any CPU.Build.0 = Release|Any CPU
		{458CED49-002A-4D9B-83B4-83C84AFA6B7B}.Debug|Any CPU.ActiveCfg = Debug|Any CPU
		{458CED49-002A-4D9B-83B4-83C84AFA6B7B}.Debug|Any CPU.Build.0 = Debug|Any CPU
		{458CED49-002A-4D9B-83B4-83C84AFA6B7B}.Release|Any CPU.ActiveCfg = Release|Any CPU
		{458CED49-002A-4D9B-83B4-83C84AFA6B7B}.Release|Any CPU.Build.0 = Release|Any CPU
		{8FEBFE83-1A68-41BC-95E4-79593F7F0EB1}.Debug|Any CPU.ActiveCfg = Debug|Any CPU
		{8FEBFE83-1A68-41BC-95E4-79593F7F0EB1}.Debug|Any CPU.Build.0 = Debug|Any CPU
		{8FEBFE83-1A68-41BC-95E4-79593F7F0EB1}.Release|Any CPU.ActiveCfg = Release|Any CPU
		{8FEBFE83-1A68-41BC-95E4-79593F7F0EB1}.Release|Any CPU.Build.0 = Release|Any CPU
	EndGlobalSection
	GlobalSection(SolutionProperties) = preSolution
		HideSolutionNode = FALSE
	EndGlobalSection
	GlobalSection(ExtensibilityGlobals) = postSolution
		SolutionGuid = {99793860-BCC5-4FFE-A8B5-794FAA614B4D}
	EndGlobalSection
EndGlobal
